
Microsoft Visual Studio Solution File, Format Version 12.00
# Visual Studio Version 17
VisualStudioVersion = 17.5.33502.453
MinimumVisualStudioVersion = 10.0.40219.1
Project("{9A19103F-16F7-4668-BE54-9A1E7A4F7556}") = "Split-Receipt", "Split-Receipt.csproj", "{92CDEB66-E7ED-4CA3-A8D8-AF726F33BAB1}"
EndProject
Project("{FAE04EC0-301F-11D3-BF4B-00C04F79EFBC}") = "Split-ReceiptTests", "..\Split-ReceiptTests\Split-ReceiptTests.csproj", "{A29D85FB-04B5-426F-9BD5-05839305D318}"
EndProject
Global
	GlobalSection(SolutionConfigurationPlatforms) = preSolution
		Debug|Any CPU = Debug|Any CPU
		Release|Any CPU = Release|Any CPU
	EndGlobalSection
	GlobalSection(ProjectConfigurationPlatforms) = postSolution
		{92CDEB66-E7ED-4CA3-A8D8-AF726F33BAB1}.Debug|Any CPU.ActiveCfg = Debug|Any CPU
		{92CDEB66-E7ED-4CA3-A8D8-AF726F33BAB1}.Debug|Any CPU.Build.0 = Debug|Any CPU
		{92CDEB66-E7ED-4CA3-A8D8-AF726F33BAB1}.Release|Any CPU.ActiveCfg = Release|Any CPU
		{92CDEB66-E7ED-4CA3-A8D8-AF726F33BAB1}.Release|Any CPU.Build.0 = Release|Any CPU
		{A29D85FB-04B5-426F-9BD5-05839305D318}.Debug|Any CPU.ActiveCfg = Debug|Any CPU
		{A29D85FB-04B5-426F-9BD5-05839305D318}.Debug|Any CPU.Build.0 = Debug|Any CPU
		{A29D85FB-04B5-426F-9BD5-05839305D318}.Release|Any CPU.ActiveCfg = Release|Any CPU
		{A29D85FB-04B5-426F-9BD5-05839305D318}.Release|Any CPU.Build.0 = Release|Any CPU
	EndGlobalSection
	GlobalSection(SolutionProperties) = preSolution
		HideSolutionNode = FALSE
	EndGlobalSection
	GlobalSection(ExtensibilityGlobals) = postSolution
		SolutionGuid = {5EEDC719-F0F9-4C4C-9648-6AD900E0D5FF}
	EndGlobalSection
EndGlobal
